
Microsoft Visual Studio Solution File, Format Version 12.00
# Visual Studio 15
VisualStudioVersion = 15.0.26730.16
MinimumVisualStudioVersion = 10.0.40219.1
Project("{FAE04EC0-301F-11D3-BF4B-00C04F79EFBC}") = "Barbeiro", "Barbeiro\Barbeiro.csproj", "{EDF0B65A-E94B-4A2A-91E4-98AA5CBEFE9D}"
EndProject
Global
	GlobalSection(SolutionConfigurationPlatforms) = preSolution
		Debug|Any CPU = Debug|Any CPU
		Release|Any CPU = Release|Any CPU
	EndGlobalSection
	GlobalSection(ProjectConfigurationPlatforms) = postSolution
		{EDF0B65A-E94B-4A2A-91E4-98AA5CBEFE9D}.Debug|Any CPU.ActiveCfg = Debug|Any CPU
		{EDF0B65A-E94B-4A2A-91E4-98AA5CBEFE9D}.Debug|Any CPU.Build.0 = Debug|Any CPU
		{EDF0B65A-E94B-4A2A-91E4-98AA5CBEFE9D}.Release|Any CPU.ActiveCfg = Release|Any CPU
		{EDF0B65A-E94B-4A2A-91E4-98AA5CBEFE9D}.Release|Any CPU.Build.0 = Release|Any CPU
	EndGlobalSection
	GlobalSection(SolutionProperties) = preSolution
		HideSolutionNode = FALSE
	EndGlobalSection
	GlobalSection(ExtensibilityGlobals) = postSolution
		SolutionGuid = {D733DF6C-60DF-4103-A36D-D22B4CE9C416}
	EndGlobalSection
EndGlobal
