
Microsoft Visual Studio Solution File, Format Version 12.00
# Visual Studio Version 16
VisualStudioVersion = 16.0.29503.13
MinimumVisualStudioVersion = 10.0.40219.1
Project("{FAE04EC0-301F-11D3-BF4B-00C04F79EFBC}") = "TaskManager", "TaskManager\TaskManager.csproj", "{A297B940-B57D-4692-B2FB-C689A9D179F6}"
EndProject
Global
	GlobalSection(SolutionConfigurationPlatforms) = preSolution
		Debug|Any CPU = Debug|Any CPU
		Release|Any CPU = Release|Any CPU
	EndGlobalSection
	GlobalSection(ProjectConfigurationPlatforms) = postSolution
		{A297B940-B57D-4692-B2FB-C689A9D179F6}.Debug|Any CPU.ActiveCfg = Debug|Any CPU
		{A297B940-B57D-4692-B2FB-C689A9D179F6}.Debug|Any CPU.Build.0 = Debug|Any CPU
		{A297B940-B57D-4692-B2FB-C689A9D179F6}.Release|Any CPU.ActiveCfg = Release|Any CPU
		{A297B940-B57D-4692-B2FB-C689A9D179F6}.Release|Any CPU.Build.0 = Release|Any CPU
	EndGlobalSection
	GlobalSection(SolutionProperties) = preSolution
		HideSolutionNode = FALSE
	EndGlobalSection
	GlobalSection(ExtensibilityGlobals) = postSolution
		SolutionGuid = {F7DA71C4-0668-4173-BBEA-D9D9B42C60DE}
	EndGlobalSection
EndGlobal
