
Microsoft Visual Studio Solution File, Format Version 12.00
# Visual Studio 15
VisualStudioVersion = 15.0.28010.2048
MinimumVisualStudioVersion = 10.0.40219.1
Project("{FAE04EC0-301F-11D3-BF4B-00C04F79EFBC}") = "Calculator", "Calculator\Calculator.csproj", "{F01E5C9D-CE34-41F6-B471-5D55E9B8F5A8}"
EndProject
Global
	GlobalSection(SolutionConfigurationPlatforms) = preSolution
		Debug|Any CPU = Debug|Any CPU
		Release|Any CPU = Release|Any CPU
	EndGlobalSection
	GlobalSection(ProjectConfigurationPlatforms) = postSolution
		{F01E5C9D-CE34-41F6-B471-5D55E9B8F5A8}.Debug|Any CPU.ActiveCfg = Debug|Any CPU
		{F01E5C9D-CE34-41F6-B471-5D55E9B8F5A8}.Debug|Any CPU.Build.0 = Debug|Any CPU
		{F01E5C9D-CE34-41F6-B471-5D55E9B8F5A8}.Release|Any CPU.ActiveCfg = Release|Any CPU
		{F01E5C9D-CE34-41F6-B471-5D55E9B8F5A8}.Release|Any CPU.Build.0 = Release|Any CPU
	EndGlobalSection
	GlobalSection(SolutionProperties) = preSolution
		HideSolutionNode = FALSE
	EndGlobalSection
	GlobalSection(ExtensibilityGlobals) = postSolution
		SolutionGuid = {08817788-4168-4677-B1BF-80D5EE3A0678}
	EndGlobalSection
EndGlobal
